
Microsoft Visual Studio Solution File, Format Version 12.00
# Visual Studio Version 17
VisualStudioVersion = 17.8.34330.188
MinimumVisualStudioVersion = 10.0.40219.1
Project("{2150E333-8FDC-42A3-9474-1A3956D46DE8}") = "PluginSrc", "PluginSrc", "{EDED5D20-1AA4-4698-AD4A-4EE11A58EEEB}"
EndProject
Project("{2150E333-8FDC-42A3-9474-1A3956D46DE8}") = "TestPluginAPI", "TestPluginAPI", "{601B9349-565C-4B8B-A094-6E245F165051}"
EndProject
Project("{9A19103F-16F7-4668-BE54-9A1E7A4F7556}") = "huzcodes.Endpoints", "huzcodes.Endpoints\huzcodes.Endpoints.csproj", "{F055E8E8-AC34-4D06-9178-D1C24AE865B6}"
EndProject
Project("{9A19103F-16F7-4668-BE54-9A1E7A4F7556}") = "huzcodes.Endpoints.API", "huzcodes.Endpoints.API\huzcodes.Endpoints.API.csproj", "{2E666CDC-E76E-4EDF-BD9B-2462892EC06A}"
EndProject
Global
	GlobalSection(SolutionConfigurationPlatforms) = preSolution
		Debug|Any CPU = Debug|Any CPU
		Release|Any CPU = Release|Any CPU
	EndGlobalSection
	GlobalSection(ProjectConfigurationPlatforms) = postSolution
		{F055E8E8-AC34-4D06-9178-D1C24AE865B6}.Debug|Any CPU.ActiveCfg = Debug|Any CPU
		{F055E8E8-AC34-4D06-9178-D1C24AE865B6}.Debug|Any CPU.Build.0 = Debug|Any CPU
		{F055E8E8-AC34-4D06-9178-D1C24AE865B6}.Release|Any CPU.ActiveCfg = Release|Any CPU
		{F055E8E8-AC34-4D06-9178-D1C24AE865B6}.Release|Any CPU.Build.0 = Release|Any CPU
		{2E666CDC-E76E-4EDF-BD9B-2462892EC06A}.Debug|Any CPU.ActiveCfg = Debug|Any CPU
		{2E666CDC-E76E-4EDF-BD9B-2462892EC06A}.Debug|Any CPU.Build.0 = Debug|Any CPU
		{2E666CDC-E76E-4EDF-BD9B-2462892EC06A}.Release|Any CPU.ActiveCfg = Release|Any CPU
		{2E666CDC-E76E-4EDF-BD9B-2462892EC06A}.Release|Any CPU.Build.0 = Release|Any CPU
	EndGlobalSection
	GlobalSection(SolutionProperties) = preSolution
		HideSolutionNode = FALSE
	EndGlobalSection
	GlobalSection(NestedProjects) = preSolution
		{F055E8E8-AC34-4D06-9178-D1C24AE865B6} = {EDED5D20-1AA4-4698-AD4A-4EE11A58EEEB}
		{2E666CDC-E76E-4EDF-BD9B-2462892EC06A} = {601B9349-565C-4B8B-A094-6E245F165051}
	EndGlobalSection
	GlobalSection(ExtensibilityGlobals) = postSolution
		SolutionGuid = {F1FD9174-783E-4E67-AC77-5D70B910FE05}
	EndGlobalSection
EndGlobal
